
Microsoft Visual Studio Solution File, Format Version 12.00
# Visual Studio Version 17
VisualStudioVersion = 17.14.36414.22 d17.14
MinimumVisualStudioVersion = 10.0.40219.1
Project("{FAE04EC0-301F-11D3-BF4B-00C04F79EFBC}") = "StudentWebApi", "StudentWebApi\StudentWebApi.csproj", "{CD7684AA-01BF-422B-8EF6-EBED3973AB12}"
EndProject
Global
	GlobalSection(SolutionConfigurationPlatforms) = preSolution
		Debug|Any CPU = Debug|Any CPU
		Release|Any CPU = Release|Any CPU
	EndGlobalSection
	GlobalSection(ProjectConfigurationPlatforms) = postSolution
		{CD7684AA-01BF-422B-8EF6-EBED3973AB12}.Debug|Any CPU.ActiveCfg = Debug|Any CPU
		{CD7684AA-01BF-422B-8EF6-EBED3973AB12}.Debug|Any CPU.Build.0 = Debug|Any CPU
		{CD7684AA-01BF-422B-8EF6-EBED3973AB12}.Release|Any CPU.ActiveCfg = Release|Any CPU
		{CD7684AA-01BF-422B-8EF6-EBED3973AB12}.Release|Any CPU.Build.0 = Release|Any CPU
	EndGlobalSection
	GlobalSection(SolutionProperties) = preSolution
		HideSolutionNode = FALSE
	EndGlobalSection
	GlobalSection(ExtensibilityGlobals) = postSolution
		SolutionGuid = {3686D030-7D4E-469E-9DC2-32B43DA6F7AB}
	EndGlobalSection
EndGlobal
